
Microsoft Visual Studio Solution File, Format Version 12.00
# Visual Studio Version 17
VisualStudioVersion = 17.6.33815.320
MinimumVisualStudioVersion = 10.0.40219.1
Project("{9A19103F-16F7-4668-BE54-9A1E7A4F7556}") = "Entities", "Entities\Entities.csproj", "{F67100FE-125C-476D-8B8D-ADB6EB437304}"
EndProject
Project("{9A19103F-16F7-4668-BE54-9A1E7A4F7556}") = "DataAccess", "DataAccess\DataAccess.csproj", "{33404824-A6E5-4B90-A5AA-AB7539FB91C7}"
EndProject
Project("{9A19103F-16F7-4668-BE54-9A1E7A4F7556}") = "Business", "Business\Business.csproj", "{00490FF4-D6DC-42FB-97DC-B25A633DE6D2}"
EndProject
Project("{9A19103F-16F7-4668-BE54-9A1E7A4F7556}") = "ConsoleUI", "ConsoleUI\ConsoleUI.csproj", "{8A33D99F-1ABB-4BD9-9630-02746EE817DC}"
EndProject
Project("{9A19103F-16F7-4668-BE54-9A1E7A4F7556}") = "Core", "Core\Core.csproj", "{981684E4-FC88-4B59-8EAA-0624E0A11387}"
EndProject
Project("{FAE04EC0-301F-11D3-BF4B-00C04F79EFBC}") = "WebAPI", "WebAPI\WebAPI.csproj", "{1DAC6C32-E8D4-4CEB-8674-04108BFA75C1}"
EndProject
Global
	GlobalSection(SolutionConfigurationPlatforms) = preSolution
		Debug|Any CPU = Debug|Any CPU
		Release|Any CPU = Release|Any CPU
	EndGlobalSection
	GlobalSection(ProjectConfigurationPlatforms) = postSolution
		{F67100FE-125C-476D-8B8D-ADB6EB437304}.Debug|Any CPU.ActiveCfg = Debug|Any CPU
		{F67100FE-125C-476D-8B8D-ADB6EB437304}.Debug|Any CPU.Build.0 = Debug|Any CPU
		{F67100FE-125C-476D-8B8D-ADB6EB437304}.Release|Any CPU.ActiveCfg = Release|Any CPU
		{F67100FE-125C-476D-8B8D-ADB6EB437304}.Release|Any CPU.Build.0 = Release|Any CPU
		{33404824-A6E5-4B90-A5AA-AB7539FB91C7}.Debug|Any CPU.ActiveCfg = Debug|Any CPU
		{33404824-A6E5-4B90-A5AA-AB7539FB91C7}.Debug|Any CPU.Build.0 = Debug|Any CPU
		{33404824-A6E5-4B90-A5AA-AB7539FB91C7}.Release|Any CPU.ActiveCfg = Release|Any CPU
		{33404824-A6E5-4B90-A5AA-AB7539FB91C7}.Release|Any CPU.Build.0 = Release|Any CPU
		{00490FF4-D6DC-42FB-97DC-B25A633DE6D2}.Debug|Any CPU.ActiveCfg = Debug|Any CPU
		{00490FF4-D6DC-42FB-97DC-B25A633DE6D2}.Debug|Any CPU.Build.0 = Debug|Any CPU
		{00490FF4-D6DC-42FB-97DC-B25A633DE6D2}.Release|Any CPU.ActiveCfg = Release|Any CPU
		{00490FF4-D6DC-42FB-97DC-B25A633DE6D2}.Release|Any CPU.Build.0 = Release|Any CPU
		{8A33D99F-1ABB-4BD9-9630-02746EE817DC}.Debug|Any CPU.ActiveCfg = Debug|Any CPU
		{8A33D99F-1ABB-4BD9-9630-02746EE817DC}.Debug|Any CPU.Build.0 = Debug|Any CPU
		{8A33D99F-1ABB-4BD9-9630-02746EE817DC}.Release|Any CPU.ActiveCfg = Release|Any CPU
		{8A33D99F-1ABB-4BD9-9630-02746EE817DC}.Release|Any CPU.Build.0 = Release|Any CPU
		{981684E4-FC88-4B59-8EAA-0624E0A11387}.Debug|Any CPU.ActiveCfg = Debug|Any CPU
		{981684E4-FC88-4B59-8EAA-0624E0A11387}.Debug|Any CPU.Build.0 = Debug|Any CPU
		{981684E4-FC88-4B59-8EAA-0624E0A11387}.Release|Any CPU.ActiveCfg = Release|Any CPU
		{981684E4-FC88-4B59-8EAA-0624E0A11387}.Release|Any CPU.Build.0 = Release|Any CPU
		{1DAC6C32-E8D4-4CEB-8674-04108BFA75C1}.Debug|Any CPU.ActiveCfg = Debug|Any CPU
		{1DAC6C32-E8D4-4CEB-8674-04108BFA75C1}.Debug|Any CPU.Build.0 = Debug|Any CPU
		{1DAC6C32-E8D4-4CEB-8674-04108BFA75C1}.Release|Any CPU.ActiveCfg = Release|Any CPU
		{1DAC6C32-E8D4-4CEB-8674-04108BFA75C1}.Release|Any CPU.Build.0 = Release|Any CPU
	EndGlobalSection
	GlobalSection(SolutionProperties) = preSolution
		HideSolutionNode = FALSE
	EndGlobalSection
	GlobalSection(ExtensibilityGlobals) = postSolution
		SolutionGuid = {06C75E57-A41E-42FC-A97A-B4138C55AC6B}
	EndGlobalSection
EndGlobal
